// !$*UTF8*$!
{
	archiveVersion = 1;
	classes = {
	};
	objectVersion = 50;
	objects = {

/* Begin PBXBuildFile section */
		432DA237238FA830002D1857 /* apparel.swift in Sources */ = {isa = PBXBuildFile; fileRef = 432DA236238FA830002D1857 /* apparel.swift */; };
		432DA239238FA8A8002D1857 /* apparelData.swift in Sources */ = {isa = PBXBuildFile; fileRef = 432DA238238FA8A8002D1857 /* apparelData.swift */; };
		432DA23B238FAA0C002D1857 /* apparelEditor.swift in Sources */ = {isa = PBXBuildFile; fileRef = 432DA23A238FAA0C002D1857 /* apparelEditor.swift */; };
		432DA23D238FAFC2002D1857 /* ApparelRow.swift in Sources */ = {isa = PBXBuildFile; fileRef = 432DA23C238FAFC2002D1857 /* ApparelRow.swift */; };
		432DA23F238FB1DE002D1857 /* Dailycost.swift in Sources */ = {isa = PBXBuildFile; fileRef = 432DA23E238FB1DE002D1857 /* Dailycost.swift */; };
		432DA241238FB23A002D1857 /* Traffic.swift in Sources */ = {isa = PBXBuildFile; fileRef = 432DA240238FB23A002D1857 /* Traffic.swift */; };
		432DA243238FB280002D1857 /* Entertainment.swift in Sources */ = {isa = PBXBuildFile; fileRef = 432DA242238FB280002D1857 /* Entertainment.swift */; };
		432DA245238FB2D0002D1857 /* DailycostData.swift in Sources */ = {isa = PBXBuildFile; fileRef = 432DA244238FB2D0002D1857 /* DailycostData.swift */; };
		432DA247238FDDEB002D1857 /* circle.swift in Sources */ = {isa = PBXBuildFile; fileRef = 432DA246238FDDEB002D1857 /* circle.swift */; };
		9B4E8028237BA45600959FC3 /* AppDelegate.swift in Sources */ = {isa = PBXBuildFile; fileRef = 9B4E8027237BA45600959FC3 /* AppDelegate.swift */; };
		9B4E802A237BA45600959FC3 /* SceneDelegate.swift in Sources */ = {isa = PBXBuildFile; fileRef = 9B4E8029237BA45600959FC3 /* SceneDelegate.swift */; };
		9B4E802C237BA45600959FC3 /* ContentView.swift in Sources */ = {isa = PBXBuildFile; fileRef = 9B4E802B237BA45600959FC3 /* ContentView.swift */; };
		9B4E802E237BA45800959FC3 /* Assets.xcassets in Resources */ = {isa = PBXBuildFile; fileRef = 9B4E802D237BA45800959FC3 /* Assets.xcassets */; };
		9B4E8031237BA45800959FC3 /* Preview Assets.xcassets in Resources */ = {isa = PBXBuildFile; fileRef = 9B4E8030237BA45800959FC3 /* Preview Assets.xcassets */; };
		9B4E8034237BA45800959FC3 /* LaunchScreen.storyboard in Resources */ = {isa = PBXBuildFile; fileRef = 9B4E8032237BA45800959FC3 /* LaunchScreen.storyboard */; };
		9B4E803C237BA46400959FC3 /* Lover.swift in Sources */ = {isa = PBXBuildFile; fileRef = 9B4E803B237BA46400959FC3 /* Lover.swift */; };
		9B4E803E237BA48700959FC3 /* LoversData.swift in Sources */ = {isa = PBXBuildFile; fileRef = 9B4E803D237BA48700959FC3 /* LoversData.swift */; };
		9B4E8040237BA4E500959FC3 /* LoverList.swift in Sources */ = {isa = PBXBuildFile; fileRef = 9B4E803F237BA4E500959FC3 /* LoverList.swift */; };
		9B4E8042237BA57E00959FC3 /* LoverRow.swift in Sources */ = {isa = PBXBuildFile; fileRef = 9B4E8041237BA57E00959FC3 /* LoverRow.swift */; };
		9B4E8044237BAAA000959FC3 /* LoverEditor.swift in Sources */ = {isa = PBXBuildFile; fileRef = 9B4E8043237BAAA000959FC3 /* LoverEditor.swift */; };
/* End PBXBuildFile section */

/* Begin PBXFileReference section */
		432DA236238FA830002D1857 /* apparel.swift */ = {isa = PBXFileReference; lastKnownFileType = sourcecode.swift; path = apparel.swift; sourceTree = "<group>"; };
		432DA238238FA8A8002D1857 /* apparelData.swift */ = {isa = PBXFileReference; lastKnownFileType = sourcecode.swift; path = apparelData.swift; sourceTree = "<group>"; };
		432DA23A238FAA0C002D1857 /* apparelEditor.swift */ = {isa = PBXFileReference; lastKnownFileType = sourcecode.swift; path = apparelEditor.swift; sourceTree = "<group>"; };
		432DA23C238FAFC2002D1857 /* ApparelRow.swift */ = {isa = PBXFileReference; lastKnownFileType = sourcecode.swift; path = ApparelRow.swift; sourceTree = "<group>"; };
		432DA23E238FB1DE002D1857 /* Dailycost.swift */ = {isa = PBXFileReference; lastKnownFileType = sourcecode.swift; path = Dailycost.swift; sourceTree = "<group>"; };
		432DA240238FB23A002D1857 /* Traffic.swift */ = {isa = PBXFileReference; lastKnownFileType = sourcecode.swift; path = Traffic.swift; sourceTree = "<group>"; };
		432DA242238FB280002D1857 /* Entertainment.swift */ = {isa = PBXFileReference; lastKnownFileType = sourcecode.swift; path = Entertainment.swift; sourceTree = "<group>"; };
		432DA244238FB2D0002D1857 /* DailycostData.swift */ = {isa = PBXFileReference; lastKnownFileType = sourcecode.swift; path = DailycostData.swift; sourceTree = "<group>"; };
		432DA246238FDDEB002D1857 /* circle.swift */ = {isa = PBXFileReference; lastKnownFileType = sourcecode.swift; path = circle.swift; sourceTree = "<group>"; };
		9B4E8024237BA45600959FC3 /* LoversApp.app */ = {isa = PBXFileReference; explicitFileType = wrapper.application; includeInIndex = 0; path = LoversApp.app; sourceTree = BUILT_PRODUCTS_DIR; };
		9B4E8027237BA45600959FC3 /* AppDelegate.swift */ = {isa = PBXFileReference; lastKnownFileType = sourcecode.swift; path = AppDelegate.swift; sourceTree = "<group>"; };
		9B4E8029237BA45600959FC3 /* SceneDelegate.swift */ = {isa = PBXFileReference; lastKnownFileType = sourcecode.swift; path = SceneDelegate.swift; sourceTree = "<group>"; };
		9B4E802B237BA45600959FC3 /* ContentView.swift */ = {isa = PBXFileReference; lastKnownFileType = sourcecode.swift; path = ContentView.swift; sourceTree = "<group>"; };
		9B4E802D237BA45800959FC3 /* Assets.xcassets */ = {isa = PBXFileReference; lastKnownFileType = folder.assetcatalog; path = Assets.xcassets; sourceTree = "<group>"; };
		9B4E8030237BA45800959FC3 /* Preview Assets.xcassets */ = {isa = PBXFileReference; lastKnownFileType = folder.assetcatalog; path = "Preview Assets.xcassets"; sourceTree = "<group>"; };
		9B4E8033237BA45800959FC3 /* Base */ = {isa = PBXFileReference; lastKnownFileType = file.storyboard; name = Base; path = Base.lproj/LaunchScreen.storyboard; sourceTree = "<group>"; };
		9B4E8035237BA45800959FC3 /* Info.plist */ = {isa = PBXFileReference; lastKnownFileType = text.plist.xml; path = Info.plist; sourceTree = "<group>"; };
		9B4E803B237BA46400959FC3 /* Lover.swift */ = {isa = PBXFileReference; lastKnownFileType = sourcecode.swift; path = Lover.swift; sourceTree = "<group>"; };
		9B4E803D237BA48700959FC3 /* LoversData.swift */ = {isa = PBXFileReference; lastKnownFileType = sourcecode.swift; path = LoversData.swift; sourceTree = "<group>"; };
		9B4E803F237BA4E500959FC3 /* LoverList.swift */ = {isa = PBXFileReference; lastKnownFileType = sourcecode.swift; path = LoverList.swift; sourceTree = "<group>"; };
		9B4E8041237BA57E00959FC3 /* LoverRow.swift */ = {isa = PBXFileReference; lastKnownFileType = sourcecode.swift; path = LoverRow.swift; sourceTree = "<group>"; };
		9B4E8043237BAAA000959FC3 /* LoverEditor.swift */ = {isa = PBXFileReference; lastKnownFileType = sourcecode.swift; path = LoverEditor.swift; sourceTree = "<group>"; };
/* End PBXFileReference section */

/* Begin PBXFrameworksBuildPhase section */
		9B4E8021237BA45600959FC3 /* Frameworks */ = {
			isa = PBXFrameworksBuildPhase;
			buildActionMask = 2147483647;
			files = (
			);
			runOnlyForDeploymentPostprocessing = 0;
		};
/* End PBXFrameworksBuildPhase section */

/* Begin PBXGroup section */
		9B4E801B237BA45600959FC3 = {
			isa = PBXGroup;
			children = (
				9B4E8026237BA45600959FC3 /* LoversApp */,
				9B4E8025237BA45600959FC3 /* Products */,
			);
			sourceTree = "<group>";
		};
		9B4E8025237BA45600959FC3 /* Products */ = {
			isa = PBXGroup;
			children = (
				9B4E8024237BA45600959FC3 /* LoversApp.app */,
			);
			name = Products;
			sourceTree = "<group>";
		};
		9B4E8026237BA45600959FC3 /* LoversApp */ = {
			isa = PBXGroup;
			children = (
				9B4E8027237BA45600959FC3 /* AppDelegate.swift */,
				9B4E8029237BA45600959FC3 /* SceneDelegate.swift */,
				9B4E803B237BA46400959FC3 /* Lover.swift */,
				432DA23E238FB1DE002D1857 /* Dailycost.swift */,
				432DA240238FB23A002D1857 /* Traffic.swift */,
				432DA242238FB280002D1857 /* Entertainment.swift */,
				432DA236238FA830002D1857 /* apparel.swift */,
				9B4E803D237BA48700959FC3 /* LoversData.swift */,
				432DA244238FB2D0002D1857 /* DailycostData.swift */,
				432DA238238FA8A8002D1857 /* apparelData.swift */,
				9B4E8043237BAAA000959FC3 /* LoverEditor.swift */,
				432DA23A238FAA0C002D1857 /* apparelEditor.swift */,
				9B4E8041237BA57E00959FC3 /* LoverRow.swift */,
				432DA23C238FAFC2002D1857 /* ApparelRow.swift */,
				9B4E803F237BA4E500959FC3 /* LoverList.swift */,
				432DA246238FDDEB002D1857 /* circle.swift */,
				9B4E802B237BA45600959FC3 /* ContentView.swift */,
				9B4E802D237BA45800959FC3 /* Assets.xcassets */,
				9B4E8032237BA45800959FC3 /* LaunchScreen.storyboard */,
				9B4E8035237BA45800959FC3 /* Info.plist */,
				9B4E802F237BA45800959FC3 /* Preview Content */,
			);
			path = LoversApp;
			sourceTree = "<group>";
		};
		9B4E802F237BA45800959FC3 /* Preview Content */ = {
			isa = PBXGroup;
			children = (
				9B4E8030237BA45800959FC3 /* Preview Assets.xcassets */,
			);
			path = "Preview Content";
			sourceTree = "<group>";
		};
/* End PBXGroup section */

/* Begin PBXNativeTarget section */
		9B4E8023237BA45600959FC3 /* LoversApp */ = {
			isa = PBXNativeTarget;
			buildConfigurationList = 9B4E8038237BA45800959FC3 /* Build configuration list for PBXNativeTarget "LoversApp" */;
			buildPhases = (
				9B4E8020237BA45600959FC3 /* Sources */,
				9B4E8021237BA45600959FC3 /* Frameworks */,
				9B4E8022237BA45600959FC3 /* Resources */,
			);
			buildRules = (
			);
			dependencies = (
			);
			name = LoversApp;
			productName = LoversApp;
			productReference = 9B4E8024237BA45600959FC3 /* LoversApp.app */;
			productType = "com.apple.product-type.application";
		};
/* End PBXNativeTarget section */

/* Begin PBXProject section */
		9B4E801C237BA45600959FC3 /* Project object */ = {
			isa = PBXProject;
			attributes = {
				LastSwiftUpdateCheck = 1120;
				LastUpgradeCheck = 1120;
				ORGANIZATIONNAME = "SHIH-YING PAN";
				TargetAttributes = {
					9B4E8023237BA45600959FC3 = {
						CreatedOnToolsVersion = 11.2;
					};
				};
			};
			buildConfigurationList = 9B4E801F237BA45600959FC3 /* Build configuration list for PBXProject "LoversApp" */;
			compatibilityVersion = "Xcode 9.3";
			developmentRegion = en;
			hasScannedForEncodings = 0;
			knownRegions = (
				en,
				Base,
			);
			mainGroup = 9B4E801B237BA45600959FC3;
			productRefGroup = 9B4E8025237BA45600959FC3 /* Products */;
			projectDirPath = "";
			projectRoot = "";
			targets = (
				9B4E8023237BA45600959FC3 /* LoversApp */,
			);
		};
/* End PBXProject section */

/* Begin PBXResourcesBuildPhase section */
		9B4E8022237BA45600959FC3 /* Resources */ = {
			isa = PBXResourcesBuildPhase;
			buildActionMask = 2147483647;
			files = (
				9B4E8034237BA45800959FC3 /* LaunchScreen.storyboard in Resources */,
				9B4E8031237BA45800959FC3 /* Preview Assets.xcassets in Resources */,
				9B4E802E237BA45800959FC3 /* Assets.xcassets in Resources */,
			);
			runOnlyForDeploymentPostprocessing = 0;
		};
/* End PBXResourcesBuildPhase section */

/* Begin PBXSourcesBuildPhase section */
		9B4E8020237BA45600959FC3 /* Sources */ = {
			isa = PBXSourcesBuildPhase;
			buildActionMask = 2147483647;
			files = (
				9B4E8040237BA4E500959FC3 /* LoverList.swift in Sources */,
				432DA23F238FB1DE002D1857 /* Dailycost.swift in Sources */,
				9B4E8028237BA45600959FC3 /* AppDelegate.swift in Sources */,
				9B4E802A237BA45600959FC3 /* SceneDelegate.swift in Sources */,
				432DA245238FB2D0002D1857 /* DailycostData.swift in Sources */,
				432DA23B238FAA0C002D1857 /* apparelEditor.swift in Sources */,
				432DA23D238FAFC2002D1857 /* ApparelRow.swift in Sources */,
				9B4E8044237BAAA000959FC3 /* LoverEditor.swift in Sources */,
				9B4E803C237BA46400959FC3 /* Lover.swift in Sources */,
				432DA237238FA830002D1857 /* apparel.swift in Sources */,
				9B4E803E237BA48700959FC3 /* LoversData.swift in Sources */,
				432DA239238FA8A8002D1857 /* apparelData.swift in Sources */,
				432DA243238FB280002D1857 /* Entertainment.swift in Sources */,
				432DA241238FB23A002D1857 /* Traffic.swift in Sources */,
				9B4E8042237BA57E00959FC3 /* LoverRow.swift in Sources */,
				432DA247238FDDEB002D1857 /* circle.swift in Sources */,
				9B4E802C237BA45600959FC3 /* ContentView.swift in Sources */,
			);
			runOnlyForDeploymentPostprocessing = 0;
		};
/* End PBXSourcesBuildPhase section */

/* Begin PBXVariantGroup section */
		9B4E8032237BA45800959FC3 /* LaunchScreen.storyboard */ = {
			isa = PBXVariantGroup;
			children = (
				9B4E8033237BA45800959FC3 /* Base */,
			);
			name = LaunchScreen.storyboard;
			sourceTree = "<group>";
		};
/* End PBXVariantGroup section */

/* Begin XCBuildConfiguration section */
		9B4E8036237BA45800959FC3 /* Debug */ = {
			isa = XCBuildConfiguration;
			buildSettings = {
				ALWAYS_SEARCH_USER_PATHS = NO;
				CLANG_ANALYZER_NONNULL = YES;
				CLANG_ANALYZER_NUMBER_OBJECT_CONVERSION = YES_AGGRESSIVE;
				CLANG_CXX_LANGUAGE_STANDARD = "gnu++14";
				CLANG_CXX_LIBRARY = "libc++";
				CLANG_ENABLE_MODULES = YES;
				CLANG_ENABLE_OBJC_ARC = YES;
				CLANG_ENABLE_OBJC_WEAK = YES;
				CLANG_WARN_BLOCK_CAPTURE_AUTORELEASING = YES;
				CLANG_WARN_BOOL_CONVERSION = YES;
				CLANG_WARN_COMMA = YES;
				CLANG_WARN_CONSTANT_CONVERSION = YES;
				CLANG_WARN_DEPRECATED_OBJC_IMPLEMENTATIONS = YES;
				CLANG_WARN_DIRECT_OBJC_ISA_USAGE = YES_ERROR;
				CLANG_WARN_DOCUMENTATION_COMMENTS = YES;
				CLANG_WARN_EMPTY_BODY = YES;
				CLANG_WARN_ENUM_CONVERSION = YES;
				CLANG_WARN_INFINITE_RECURSION = YES;
				CLANG_WARN_INT_CONVERSION = YES;
				CLANG_WARN_NON_LITERAL_NULL_CONVERSION = YES;
				CLANG_WARN_OBJC_IMPLICIT_RETAIN_SELF = YES;
				CLANG_WARN_OBJC_LITERAL_CONVERSION = YES;
				CLANG_WARN_OBJC_ROOT_CLASS = YES_ERROR;
				CLANG_WARN_RANGE_LOOP_ANALYSIS = YES;
				CLANG_WARN_STRICT_PROTOTYPES = YES;
				CLANG_WARN_SUSPICIOUS_MOVE = YES;
				CLANG_WARN_UNGUARDED_AVAILABILITY = YES_AGGRESSIVE;
				CLANG_WARN_UNREACHABLE_CODE = YES;
				CLANG_WARN__DUPLICATE_METHOD_MATCH = YES;
				COPY_PHASE_STRIP = NO;
				DEBUG_INFORMATION_FORMAT = dwarf;
				ENABLE_STRICT_OBJC_MSGSEND = YES;
				ENABLE_TESTABILITY = YES;
				GCC_C_LANGUAGE_STANDARD = gnu11;
				GCC_DYNAMIC_NO_PIC = NO;
				GCC_NO_COMMON_BLOCKS = YES;
				GCC_OPTIMIZATION_LEVEL = 0;
				GCC_PREPROCESSOR_DEFINITIONS = (
					"DEBUG=1",
					"$(inherited)",
				);
				GCC_WARN_64_TO_32_BIT_CONVERSION = YES;
				GCC_WARN_ABOUT_RETURN_TYPE = YES_ERROR;
				GCC_WARN_UNDECLARED_SELECTOR = YES;
				GCC_WARN_UNINITIALIZED_AUTOS = YES_AGGRESSIVE;
				GCC_WARN_UNUSED_FUNCTION = YES;
				GCC_WARN_UNUSED_VARIABLE = YES;
				IPHONEOS_DEPLOYMENT_TARGET = 13.2;
				MTL_ENABLE_DEBUG_INFO = INCLUDE_SOURCE;
				MTL_FAST_MATH = YES;
				ONLY_ACTIVE_ARCH = YES;
				SDKROOT = iphoneos;
				SWIFT_ACTIVE_COMPILATION_CONDITIONS = DEBUG;
				SWIFT_OPTIMIZATION_LEVEL = "-Onone";
			};
			name = Debug;
		};
		9B4E8037237BA45800959FC3 /* Release */ = {
			isa = XCBuildConfiguration;
			buildSettings = {
				ALWAYS_SEARCH_USER_PATHS = NO;
				CLANG_ANALYZER_NONNULL = YES;
				CLANG_ANALYZER_NUMBER_OBJECT_CONVERSION = YES_AGGRESSIVE;
				CLANG_CXX_LANGUAGE_STANDARD = "gnu++14";
				CLANG_CXX_LIBRARY = "libc++";
				CLANG_ENABLE_MODULES = YES;
				CLANG_ENABLE_OBJC_ARC = YES;
				CLANG_ENABLE_OBJC_WEAK = YES;
				CLANG_WARN_BLOCK_CAPTURE_AUTORELEASING = YES;
				CLANG_WARN_BOOL_CONVERSION = YES;
				CLANG_WARN_COMMA = YES;
				CLANG_WARN_CONSTANT_CONVERSION = YES;
				CLANG_WARN_DEPRECATED_OBJC_IMPLEMENTATIONS = YES;
				CLANG_WARN_DIRECT_OBJC_ISA_USAGE = YES_ERROR;
				CLANG_WARN_DOCUMENTATION_COMMENTS = YES;
				CLANG_WARN_EMPTY_BODY = YES;
				CLANG_WARN_ENUM_CONVERSION = YES;
				CLANG_WARN_INFINITE_RECURSION = YES;
				CLANG_WARN_INT_CONVERSION = YES;
				CLANG_WARN_NON_LITERAL_NULL_CONVERSION = YES;
				CLANG_WARN_OBJC_IMPLICIT_RETAIN_SELF = YES;
				CLANG_WARN_OBJC_LITERAL_CONVERSION = YES;
				CLANG_WARN_OBJC_ROOT_CLASS = YES_ERROR;
				CLANG_WARN_RANGE_LOOP_ANALYSIS = YES;
				CLANG_WARN_STRICT_PROTOTYPES = YES;
				CLANG_WARN_SUSPICIOUS_MOVE = YES;
				CLANG_WARN_UNGUARDED_AVAILABILITY = YES_AGGRESSIVE;
				CLANG_WARN_UNREACHABLE_CODE = YES;
				CLANG_WARN__DUPLICATE_METHOD_MATCH = YES;
				COPY_PHASE_STRIP = NO;
				DEBUG_INFORMATION_FORMAT = "dwarf-with-dsym";
				ENABLE_NS_ASSERTIONS = NO;
				ENABLE_STRICT_OBJC_MSGSEND = YES;
				GCC_C_LANGUAGE_STANDARD = gnu11;
				GCC_NO_COMMON_BLOCKS = YES;
				GCC_WARN_64_TO_32_BIT_CONVERSION = YES;
				GCC_WARN_ABOUT_RETURN_TYPE = YES_ERROR;
				GCC_WARN_UNDECLARED_SELECTOR = YES;
				GCC_WARN_UNINITIALIZED_AUTOS = YES_AGGRESSIVE;
				GCC_WARN_UNUSED_FUNCTION = YES;
				GCC_WARN_UNUSED_VARIABLE = YES;
				IPHONEOS_DEPLOYMENT_TARGET = 13.2;
				MTL_ENABLE_DEBUG_INFO = NO;
				MTL_FAST_MATH = YES;
				SDKROOT = iphoneos;
				SWIFT_COMPILATION_MODE = wholemodule;
				SWIFT_OPTIMIZATION_LEVEL = "-O";
				VALIDATE_PRODUCT = YES;
			};
			name = Release;
		};
		9B4E8039237BA45800959FC3 /* Debug */ = {
			isa = XCBuildConfiguration;
			buildSettings = {
				ASSETCATALOG_COMPILER_APPICON_NAME = AppIcon;
				CODE_SIGN_STYLE = Automatic;
				DEVELOPMENT_ASSET_PATHS = "\"LoversApp/Preview Content\"";
				ENABLE_PREVIEWS = YES;
				INFOPLIST_FILE = LoversApp/Info.plist;
				IPHONEOS_DEPLOYMENT_TARGET = 13.1;
				LD_RUNPATH_SEARCH_PATHS = (
					"$(inherited)",
					"@executable_path/Frameworks",
				);
				PRODUCT_BUNDLE_IDENTIFIER = com.peter.LoversApp;
				PRODUCT_NAME = "$(TARGET_NAME)";
				SWIFT_VERSION = 5.0;
				TARGETED_DEVICE_FAMILY = "1,2";
			};
			name = Debug;
		};
		9B4E803A237BA45800959FC3 /* Release */ = {
			isa = XCBuildConfiguration;
			buildSettings = {
				ASSETCATALOG_COMPILER_APPICON_NAME = AppIcon;
				CODE_SIGN_STYLE = Automatic;
				DEVELOPMENT_ASSET_PATHS = "\"LoversApp/Preview Content\"";
				ENABLE_PREVIEWS = YES;
				INFOPLIST_FILE = LoversApp/Info.plist;
				IPHONEOS_DEPLOYMENT_TARGET = 13.1;
				LD_RUNPATH_SEARCH_PATHS = (
					"$(inherited)",
					"@executable_path/Frameworks",
				);
				PRODUCT_BUNDLE_IDENTIFIER = com.peter.LoversApp;
				PRODUCT_NAME = "$(TARGET_NAME)";
				SWIFT_VERSION = 5.0;
				TARGETED_DEVICE_FAMILY = "1,2";
			};
			name = Release;
		};
/* End XCBuildConfiguration section */

/* Begin XCConfigurationList section */
		9B4E801F237BA45600959FC3 /* Build configuration list for PBXProject "LoversApp" */ = {
			isa = XCConfigurationList;
			buildConfigurations = (
				9B4E8036237BA45800959FC3 /* Debug */,
				9B4E8037237BA45800959FC3 /* Release */,
			);
			defaultConfigurationIsVisible = 0;
			defaultConfigurationName = Release;
		};
		9B4E8038237BA45800959FC3 /* Build configuration list for PBXNativeTarget "LoversApp" */ = {
			isa = XCConfigurationList;
			buildConfigurations = (
				9B4E8039237BA45800959FC3 /* Debug */,
				9B4E803A237BA45800959FC3 /* Release */,
			);
			defaultConfigurationIsVisible = 0;
			defaultConfigurationName = Release;
		};
/* End XCConfigurationList section */
	};
	rootObject = 9B4E801C237BA45600959FC3 /* Project object */;
}
